
Microsoft Visual Studio Solution File, Format Version 12.00
Project("{FAE04EC0-301F-11D3-BF4B-00C04F79EFBC}") = "Calculator.App", "Calculator.App\Calculator.App.csproj", "{77FC805C-550B-4E11-9F7A-49B96E7CD66E}"
EndProject
Project("{2150E333-8FDC-42A3-9474-1A3956D46DE8}") = "src", "src", "{A04F52F2-3C14-4C2C-893B-9E9910CEEAB3}"
EndProject
Project("{2150E333-8FDC-42A3-9474-1A3956D46DE8}") = "tests", "tests", "{7869DB89-11C0-4811-84A7-232FD1810C8A}"
EndProject
Project("{FAE04EC0-301F-11D3-BF4B-00C04F79EFBC}") = "Calculator.Logic", "Calculator.Logic\Calculator.Logic.csproj", "{F89A0C5E-54FF-431E-BBEE-B036FDE1E66B}"
EndProject
Project("{FAE04EC0-301F-11D3-BF4B-00C04F79EFBC}") = "Calculator.Logic.Tests", "Calculator.Logic.Tests\Calculator.Logic.Tests.csproj", "{1C9EBE58-1F8C-4CE5-8561-CD9C64B6E791}"
EndProject
Project("{2150E333-8FDC-42A3-9474-1A3956D46DE8}") = "docs", "docs", "{3F0E1A89-EEB9-4A39-995D-6A92FF56E57C}"
ProjectSection(SolutionItems) = preProject
	README.md = README.md
EndProjectSection
EndProject
Global
	GlobalSection(SolutionConfigurationPlatforms) = preSolution
		Debug|Any CPU = Debug|Any CPU
		Release|Any CPU = Release|Any CPU
	EndGlobalSection
	GlobalSection(ProjectConfigurationPlatforms) = postSolution
		{77FC805C-550B-4E11-9F7A-49B96E7CD66E}.Debug|Any CPU.ActiveCfg = Debug|Any CPU
		{77FC805C-550B-4E11-9F7A-49B96E7CD66E}.Debug|Any CPU.Build.0 = Debug|Any CPU
		{77FC805C-550B-4E11-9F7A-49B96E7CD66E}.Release|Any CPU.ActiveCfg = Release|Any CPU
		{77FC805C-550B-4E11-9F7A-49B96E7CD66E}.Release|Any CPU.Build.0 = Release|Any CPU
		{F89A0C5E-54FF-431E-BBEE-B036FDE1E66B}.Debug|Any CPU.ActiveCfg = Debug|Any CPU
		{F89A0C5E-54FF-431E-BBEE-B036FDE1E66B}.Debug|Any CPU.Build.0 = Debug|Any CPU
		{F89A0C5E-54FF-431E-BBEE-B036FDE1E66B}.Release|Any CPU.ActiveCfg = Release|Any CPU
		{F89A0C5E-54FF-431E-BBEE-B036FDE1E66B}.Release|Any CPU.Build.0 = Release|Any CPU
		{1C9EBE58-1F8C-4CE5-8561-CD9C64B6E791}.Debug|Any CPU.ActiveCfg = Debug|Any CPU
		{1C9EBE58-1F8C-4CE5-8561-CD9C64B6E791}.Debug|Any CPU.Build.0 = Debug|Any CPU
		{1C9EBE58-1F8C-4CE5-8561-CD9C64B6E791}.Release|Any CPU.ActiveCfg = Release|Any CPU
		{1C9EBE58-1F8C-4CE5-8561-CD9C64B6E791}.Release|Any CPU.Build.0 = Release|Any CPU
	EndGlobalSection
	GlobalSection(NestedProjects) = preSolution
		{77FC805C-550B-4E11-9F7A-49B96E7CD66E} = {A04F52F2-3C14-4C2C-893B-9E9910CEEAB3}
		{F89A0C5E-54FF-431E-BBEE-B036FDE1E66B} = {A04F52F2-3C14-4C2C-893B-9E9910CEEAB3}
		{1C9EBE58-1F8C-4CE5-8561-CD9C64B6E791} = {7869DB89-11C0-4811-84A7-232FD1810C8A}
	EndGlobalSection
EndGlobal
